// !$*UTF8*$!
{
	archiveVersion = 1;
	classes = {
	};
	objectVersion = 46;
	objects = {

/* Begin PBXBuildFile section */
		200829DD1F32CA860038AEC0 /* CatapultFire.sks in Resources */ = {isa = PBXBuildFile; fileRef = 200829D71F32CA860038AEC0 /* CatapultFire.sks */; };
		200829DE1F32CA860038AEC0 /* CatapultFire2.sks in Resources */ = {isa = PBXBuildFile; fileRef = 200829D81F32CA860038AEC0 /* CatapultFire2.sks */; };
		200829DF1F32CA860038AEC0 /* DestroyEnemy.sks in Resources */ = {isa = PBXBuildFile; fileRef = 200829D91F32CA860038AEC0 /* DestroyEnemy.sks */; };
		200829E01F32CA860038AEC0 /* MagicSwordEffect.sks in Resources */ = {isa = PBXBuildFile; fileRef = 200829DA1F32CA860038AEC0 /* MagicSwordEffect.sks */; };
		200829E11F32CA860038AEC0 /* TimeBombExplode.sks in Resources */ = {isa = PBXBuildFile; fileRef = 200829DB1F32CA860038AEC0 /* TimeBombExplode.sks */; };
		200829E21F32CA860038AEC0 /* TimeBombSmoke.sks in Resources */ = {isa = PBXBuildFile; fileRef = 200829DC1F32CA860038AEC0 /* TimeBombSmoke.sks */; };
		2019C37F1F0B5933003C7609 /* AnimationActions.sks in Resources */ = {isa = PBXBuildFile; fileRef = 2019C37E1F0B5933003C7609 /* AnimationActions.sks */; };
		201B8C4D1F3A2D2800E91301 /* timeBombExplosion.mp3 in Resources */ = {isa = PBXBuildFile; fileRef = 201B8C4C1F3A2D2800E91301 /* timeBombExplosion.mp3 */; };
		201B8C4F1F3A307B00E91301 /* swordSound.wav in Resources */ = {isa = PBXBuildFile; fileRef = 201B8C4E1F3A307B00E91301 /* swordSound.wav */; };
		201B8C511F3A325A00E91301 /* catapultBomb.mp3 in Resources */ = {isa = PBXBuildFile; fileRef = 201B8C501F3A325A00E91301 /* catapultBomb.mp3 */; };
		201B8C531F3A326000E91301 /* enemyKilled.mp3 in Resources */ = {isa = PBXBuildFile; fileRef = 201B8C521F3A326000E91301 /* enemyKilled.mp3 */; };
		201B8C551F3A326600E91301 /* battleShipShoot.wav in Resources */ = {isa = PBXBuildFile; fileRef = 201B8C541F3A326600E91301 /* battleShipShoot.wav */; };
		201B8C571F3A365700E91301 /* hitWall.wav in Resources */ = {isa = PBXBuildFile; fileRef = 201B8C561F3A365700E91301 /* hitWall.wav */; };
		201B8C5B1F3A439800E91301 /* magicSword.wav in Resources */ = {isa = PBXBuildFile; fileRef = 201B8C5A1F3A439800E91301 /* magicSword.wav */; };
		201B8C5D1F3A47BA00E91301 /* cane.mp3 in Resources */ = {isa = PBXBuildFile; fileRef = 201B8C5C1F3A47BA00E91301 /* cane.mp3 */; };
		201B8C5F1F3A533900E91301 /* gameOver.wav in Resources */ = {isa = PBXBuildFile; fileRef = 201B8C5E1F3A533900E91301 /* gameOver.wav */; };
		201B8C631F3A589D00E91301 /* castleWallHit.mp3 in Resources */ = {isa = PBXBuildFile; fileRef = 201B8C621F3A589C00E91301 /* castleWallHit.mp3 */; };
		201B8C651F3A5C6E00E91301 /* ItemGet.wav in Resources */ = {isa = PBXBuildFile; fileRef = 201B8C641F3A5C6E00E91301 /* ItemGet.wav */; };
		201B8C671F3A67F200E91301 /* BGM.swift in Sources */ = {isa = PBXBuildFile; fileRef = 201B8C661F3A67F100E91301 /* BGM.swift */; };
		201B8C691F3A682700E91301 /* mainBGM.mp3 in Resources */ = {isa = PBXBuildFile; fileRef = 201B8C681F3A682700E91301 /* mainBGM.mp3 */; };
		201B8C6D1F3AD7EE00E91301 /* itemScreen.wav in Resources */ = {isa = PBXBuildFile; fileRef = 201B8C6C1F3AD7EE00E91301 /* itemScreen.wav */; };
		201B8C6F1F3ADB9B00E91301 /* stageClear.mp3 in Resources */ = {isa = PBXBuildFile; fileRef = 201B8C6E1F3ADB9B00E91301 /* stageClear.mp3 */; };
		201B8C751F3AE7E900E91301 /* flash.wav in Resources */ = {isa = PBXBuildFile; fileRef = 201B8C741F3AE7E900E91301 /* flash.wav */; };
		201B8C771F3AEA4F00E91301 /* buttonMove.wav in Resources */ = {isa = PBXBuildFile; fileRef = 201B8C761F3AEA4F00E91301 /* buttonMove.wav */; };
		201B8C791F3AEA7E00E91301 /* buttonBack.wav in Resources */ = {isa = PBXBuildFile; fileRef = 201B8C781F3AEA7E00E91301 /* buttonBack.wav */; };
		201B8C7B1F3AEB1B00E91301 /* selectNewGame.wav in Resources */ = {isa = PBXBuildFile; fileRef = 201B8C7A1F3AEB1B00E91301 /* selectNewGame.wav */; };
		201CD4111F2CD28D009CE633 /* BattleShip.swift in Sources */ = {isa = PBXBuildFile; fileRef = 201CD4071F2CD28D009CE633 /* BattleShip.swift */; };
		201CD4121F2CD28D009CE633 /* Boots.swift in Sources */ = {isa = PBXBuildFile; fileRef = 201CD4081F2CD28D009CE633 /* Boots.swift */; };
		201CD4131F2CD28D009CE633 /* CallHero.swift in Sources */ = {isa = PBXBuildFile; fileRef = 201CD4091F2CD28D009CE633 /* CallHero.swift */; };
		201CD4141F2CD28D009CE633 /* Catapult.swift in Sources */ = {isa = PBXBuildFile; fileRef = 201CD40A1F2CD28D009CE633 /* Catapult.swift */; };
		201CD4151F2CD28D009CE633 /* Heart.swift in Sources */ = {isa = PBXBuildFile; fileRef = 201CD40B1F2CD28D009CE633 /* Heart.swift */; };
		201CD4161F2CD28D009CE633 /* MagicSword.swift in Sources */ = {isa = PBXBuildFile; fileRef = 201CD40C1F2CD28D009CE633 /* MagicSword.swift */; };
		201CD4171F2CD28D009CE633 /* TimeBomb.swift in Sources */ = {isa = PBXBuildFile; fileRef = 201CD40D1F2CD28D009CE633 /* TimeBomb.swift */; };
		201CD4181F2CD28D009CE633 /* MultiAttack.swift in Sources */ = {isa = PBXBuildFile; fileRef = 201CD40E1F2CD28D009CE633 /* MultiAttack.swift */; };
		201CD4191F2CD28D009CE633 /* Spear.swift in Sources */ = {isa = PBXBuildFile; fileRef = 201CD40F1F2CD28D009CE633 /* Spear.swift */; };
		201CD41A1F2CD28D009CE633 /* Wall.swift in Sources */ = {isa = PBXBuildFile; fileRef = 201CD4101F2CD28D009CE633 /* Wall.swift */; };
		201CF02A1F11BE1E001346C7 /* MSButtonNode.swift in Sources */ = {isa = PBXBuildFile; fileRef = 201CF0291F11BE1D001346C7 /* MSButtonNode.swift */; };
		201ECBA41F34B64300FB833A /* ResetCatapult.swift in Sources */ = {isa = PBXBuildFile; fileRef = 201ECBA31F34B64300FB833A /* ResetCatapult.swift */; };
		201ECBA61F34B64F00FB833A /* Cane.swift in Sources */ = {isa = PBXBuildFile; fileRef = 201ECBA51F34B64F00FB833A /* Cane.swift */; };
		201ECBAC1F351AED00FB833A /* Fabric.framework in Frameworks */ = {isa = PBXBuildFile; fileRef = 201ECBAA1F351AED00FB833A /* Fabric.framework */; };
		201ECBAD1F351AEE00FB833A /* Crashlytics.framework in Frameworks */ = {isa = PBXBuildFile; fileRef = 201ECBAB1F351AED00FB833A /* Crashlytics.framework */; };
		202049DD1F2EFA0F00FAD661 /* Teleport.swift in Sources */ = {isa = PBXBuildFile; fileRef = 202049DC1F2EFA0F00FAD661 /* Teleport.swift */; };
		20232AFB1F3252CD00898ACE /* Assets.xcassets in Resources */ = {isa = PBXBuildFile; fileRef = 20232AF91F3252CD00898ACE /* Assets.xcassets */; };
		203AEA991F3AFFF300C5CD4E /* mainMenu.mp3 in Resources */ = {isa = PBXBuildFile; fileRef = 203AEA981F3AFFF300C5CD4E /* mainMenu.mp3 */; };
		203B2A011F67B21A00DDCC03 /* Enemy.swift in Sources */ = {isa = PBXBuildFile; fileRef = 203B29F71F67B21A00DDCC03 /* Enemy.swift */; };
		203B2A021F67B21A00DDCC03 /* EnemyArm.swift in Sources */ = {isa = PBXBuildFile; fileRef = 203B29F81F67B21A00DDCC03 /* EnemyArm.swift */; };
		203B2A031F67B21A00DDCC03 /* EnemyFist.swift in Sources */ = {isa = PBXBuildFile; fileRef = 203B29F91F67B21A00DDCC03 /* EnemyFist.swift */; };
		203B2A041F67B21A00DDCC03 /* GameScene.sks in Resources */ = {isa = PBXBuildFile; fileRef = 203B29FA1F67B21A00DDCC03 /* GameScene.sks */; };
		203B2A051F67B21A00DDCC03 /* GameScene.swift in Sources */ = {isa = PBXBuildFile; fileRef = 203B29FB1F67B21A00DDCC03 /* GameScene.swift */; };
		203B2A061F67B21A00DDCC03 /* Grid.swift in Sources */ = {isa = PBXBuildFile; fileRef = 203B29FC1F67B21A00DDCC03 /* Grid.swift */; };
		203B2A071F67B21A00DDCC03 /* Hero.swift in Sources */ = {isa = PBXBuildFile; fileRef = 203B29FD1F67B21A00DDCC03 /* Hero.swift */; };
		203B2A081F67B21A00DDCC03 /* InputVariable.swift in Sources */ = {isa = PBXBuildFile; fileRef = 203B29FE1F67B21A00DDCC03 /* InputVariable.swift */; };
		203B2A091F67B21A00DDCC03 /* InputVariableExpression.swift in Sources */ = {isa = PBXBuildFile; fileRef = 203B29FF1F67B21A00DDCC03 /* InputVariableExpression.swift */; };
		203B2A0A1F67B21A00DDCC03 /* SimplificationBoard.swift in Sources */ = {isa = PBXBuildFile; fileRef = 203B2A001F67B21A00DDCC03 /* SimplificationBoard.swift */; };
		203B2A4D1F67B97100DDCC03 /* EnemyForTutorial.swift in Sources */ = {isa = PBXBuildFile; fileRef = 203B2A411F67B97100DDCC03 /* EnemyForTutorial.swift */; };
		203B2A4E1F67B97100DDCC03 /* EnemyForTutorial2.swift in Sources */ = {isa = PBXBuildFile; fileRef = 203B2A421F67B97100DDCC03 /* EnemyForTutorial2.swift */; };
		203B2A4F1F67B97100DDCC03 /* GridForTutorial.swift in Sources */ = {isa = PBXBuildFile; fileRef = 203B2A431F67B97100DDCC03 /* GridForTutorial.swift */; };
		203B2A501F67B97100DDCC03 /* GridForTutorial2.swift in Sources */ = {isa = PBXBuildFile; fileRef = 203B2A441F67B97100DDCC03 /* GridForTutorial2.swift */; };
		203B2A511F67B97100DDCC03 /* HeroForTutorial.swift in Sources */ = {isa = PBXBuildFile; fileRef = 203B2A451F67B97100DDCC03 /* HeroForTutorial.swift */; };
		203B2A521F67B97100DDCC03 /* HeroForTutorial2.swift in Sources */ = {isa = PBXBuildFile; fileRef = 203B2A461F67B97100DDCC03 /* HeroForTutorial2.swift */; };
		203B2A531F67B97100DDCC03 /* PauseScreenForTutorial.swift in Sources */ = {isa = PBXBuildFile; fileRef = 203B2A471F67B97100DDCC03 /* PauseScreenForTutorial.swift */; };
		203B2A541F67B97100DDCC03 /* PauseScreenForTutorial2.swift in Sources */ = {isa = PBXBuildFile; fileRef = 203B2A481F67B97100DDCC03 /* PauseScreenForTutorial2.swift */; };
		203B2A551F67B97100DDCC03 /* Tutorial.sks in Resources */ = {isa = PBXBuildFile; fileRef = 203B2A491F67B97100DDCC03 /* Tutorial.sks */; };
		203B2A561F67B97100DDCC03 /* Tutorial.swift in Sources */ = {isa = PBXBuildFile; fileRef = 203B2A4A1F67B97100DDCC03 /* Tutorial.swift */; };
		203B2A571F67B97100DDCC03 /* Tutorial2.sks in Resources */ = {isa = PBXBuildFile; fileRef = 203B2A4B1F67B97100DDCC03 /* Tutorial2.sks */; };
		203B2A581F67B97100DDCC03 /* Tutorial2.swift in Sources */ = {isa = PBXBuildFile; fileRef = 203B2A4C1F67B97100DDCC03 /* Tutorial2.swift */; };
		203B2A5A1F67B9AD00DDCC03 /* PauseScreen.swift in Sources */ = {isa = PBXBuildFile; fileRef = 203B2A591F67B9AD00DDCC03 /* PauseScreen.swift */; };
		203B2A731F67BBD100DDCC03 /* ConfirmScreen.swift in Sources */ = {isa = PBXBuildFile; fileRef = 203B2A6B1F67BBD100DDCC03 /* ConfirmScreen.swift */; };
		203B2A741F67BBD100DDCC03 /* Credits.sks in Resources */ = {isa = PBXBuildFile; fileRef = 203B2A6C1F67BBD100DDCC03 /* Credits.sks */; };
		203B2A751F67BBD100DDCC03 /* Credits.swift in Sources */ = {isa = PBXBuildFile; fileRef = 203B2A6D1F67BBD100DDCC03 /* Credits.swift */; };
		203B2A761F67BBD100DDCC03 /* ItemList.sks in Resources */ = {isa = PBXBuildFile; fileRef = 203B2A6E1F67BBD100DDCC03 /* ItemList.sks */; };
		203B2A771F67BBD200DDCC03 /* ItemList.swift in Sources */ = {isa = PBXBuildFile; fileRef = 203B2A6F1F67BBD100DDCC03 /* ItemList.swift */; };
		203B2A781F67BBD200DDCC03 /* MainMenu.sks in Resources */ = {isa = PBXBuildFile; fileRef = 203B2A701F67BBD100DDCC03 /* MainMenu.sks */; };
		203B2A791F67BBD200DDCC03 /* MainMenu.swift in Sources */ = {isa = PBXBuildFile; fileRef = 203B2A711F67BBD100DDCC03 /* MainMenu.swift */; };
		203B2A7A1F67BBD200DDCC03 /* SettingScreen.swift in Sources */ = {isa = PBXBuildFile; fileRef = 203B2A721F67BBD100DDCC03 /* SettingScreen.swift */; };
		203B2A871F67BDAB00DDCC03 /* EnemyEasy.swift in Sources */ = {isa = PBXBuildFile; fileRef = 203B2A7C1F67BDAB00DDCC03 /* EnemyEasy.swift */; };
		203B2A8A1F67BDAB00DDCC03 /* GameSceneEasy.sks in Resources */ = {isa = PBXBuildFile; fileRef = 203B2A7F1F67BDAB00DDCC03 /* GameSceneEasy.sks */; };
		203B2A8B1F67BDAB00DDCC03 /* GameSceneEasy.swift in Sources */ = {isa = PBXBuildFile; fileRef = 203B2A801F67BDAB00DDCC03 /* GameSceneEasy.swift */; };
		203B2A8C1F67BDAB00DDCC03 /* GridEasy.swift in Sources */ = {isa = PBXBuildFile; fileRef = 203B2A811F67BDAB00DDCC03 /* GridEasy.swift */; };
		203B2A8D1F67BDAB00DDCC03 /* HeroEasy.swift in Sources */ = {isa = PBXBuildFile; fileRef = 203B2A821F67BDAB00DDCC03 /* HeroEasy.swift */; };
		203B2A8E1F67BDAB00DDCC03 /* InputVariableEasy.swift in Sources */ = {isa = PBXBuildFile; fileRef = 203B2A831F67BDAB00DDCC03 /* InputVariableEasy.swift */; };
		203B2A8F1F67BDAB00DDCC03 /* InputVariableExpressionEasy.swift in Sources */ = {isa = PBXBuildFile; fileRef = 203B2A841F67BDAB00DDCC03 /* InputVariableExpressionEasy.swift */; };
		203B2A901F67BDAB00DDCC03 /* PauseScreenEasy.swift in Sources */ = {isa = PBXBuildFile; fileRef = 203B2A851F67BDAB00DDCC03 /* PauseScreenEasy.swift */; };
		203B2A911F67BDAB00DDCC03 /* SimplificationBoardEasy.swift in Sources */ = {isa = PBXBuildFile; fileRef = 203B2A861F67BDAB00DDCC03 /* SimplificationBoardEasy.swift */; };
		203B2A931F6917A400DDCC03 /* mainMenuHard.mp3 in Resources */ = {isa = PBXBuildFile; fileRef = 203B2A921F6917A400DDCC03 /* mainMenuHard.mp3 */; };
		204C7D841F074FE800F4DD11 /* AppDelegate.swift in Sources */ = {isa = PBXBuildFile; fileRef = 204C7D831F074FE800F4DD11 /* AppDelegate.swift */; };
		204C7D8C1F074FE800F4DD11 /* GameViewController.swift in Sources */ = {isa = PBXBuildFile; fileRef = 204C7D8B1F074FE800F4DD11 /* GameViewController.swift */; };
		204C7D8F1F074FE800F4DD11 /* Main.storyboard in Resources */ = {isa = PBXBuildFile; fileRef = 204C7D8D1F074FE800F4DD11 /* Main.storyboard */; };
		204C7D911F074FE800F4DD11 /* Assets.xcassets in Resources */ = {isa = PBXBuildFile; fileRef = 204C7D901F074FE800F4DD11 /* Assets.xcassets */; };
		204C7D941F074FE800F4DD11 /* LaunchScreen.storyboard in Resources */ = {isa = PBXBuildFile; fileRef = 204C7D921F074FE800F4DD11 /* LaunchScreen.storyboard */; };
/* End PBXBuildFile section */

/* Begin PBXFileReference section */
		200829D71F32CA860038AEC0 /* CatapultFire.sks */ = {isa = PBXFileReference; lastKnownFileType = file.sks; path = CatapultFire.sks; sourceTree = "<group>"; };
		200829D81F32CA860038AEC0 /* CatapultFire2.sks */ = {isa = PBXFileReference; lastKnownFileType = file.sks; path = CatapultFire2.sks; sourceTree = "<group>"; };
		200829D91F32CA860038AEC0 /* DestroyEnemy.sks */ = {isa = PBXFileReference; lastKnownFileType = file.sks; path = DestroyEnemy.sks; sourceTree = "<group>"; };
		200829DA1F32CA860038AEC0 /* MagicSwordEffect.sks */ = {isa = PBXFileReference; lastKnownFileType = file.sks; path = MagicSwordEffect.sks; sourceTree = "<group>"; };
		200829DB1F32CA860038AEC0 /* TimeBombExplode.sks */ = {isa = PBXFileReference; lastKnownFileType = file.sks; path = TimeBombExplode.sks; sourceTree = "<group>"; };
		200829DC1F32CA860038AEC0 /* TimeBombSmoke.sks */ = {isa = PBXFileReference; lastKnownFileType = file.sks; path = TimeBombSmoke.sks; sourceTree = "<group>"; };
		2019C37E1F0B5933003C7609 /* AnimationActions.sks */ = {isa = PBXFileReference; lastKnownFileType = file.sks; name = AnimationActions.sks; path = ../AnimationActions.sks; sourceTree = "<group>"; };
		201B8C4C1F3A2D2800E91301 /* timeBombExplosion.mp3 */ = {isa = PBXFileReference; lastKnownFileType = audio.mp3; path = timeBombExplosion.mp3; sourceTree = "<group>"; };
		201B8C4E1F3A307B00E91301 /* swordSound.wav */ = {isa = PBXFileReference; lastKnownFileType = audio.wav; path = swordSound.wav; sourceTree = "<group>"; };
		201B8C501F3A325A00E91301 /* catapultBomb.mp3 */ = {isa = PBXFileReference; lastKnownFileType = audio.mp3; path = catapultBomb.mp3; sourceTree = "<group>"; };
		201B8C521F3A326000E91301 /* enemyKilled.mp3 */ = {isa = PBXFileReference; lastKnownFileType = audio.mp3; path = enemyKilled.mp3; sourceTree = "<group>"; };
		201B8C541F3A326600E91301 /* battleShipShoot.wav */ = {isa = PBXFileReference; lastKnownFileType = audio.wav; path = battleShipShoot.wav; sourceTree = "<group>"; };
		201B8C561F3A365700E91301 /* hitWall.wav */ = {isa = PBXFileReference; lastKnownFileType = audio.wav; path = hitWall.wav; sourceTree = "<group>"; };
		201B8C5A1F3A439800E91301 /* magicSword.wav */ = {isa = PBXFileReference; lastKnownFileType = audio.wav; path = magicSword.wav; sourceTree = "<group>"; };
		201B8C5C1F3A47BA00E91301 /* cane.mp3 */ = {isa = PBXFileReference; lastKnownFileType = audio.mp3; path = cane.mp3; sourceTree = "<group>"; };
		201B8C5E1F3A533900E91301 /* gameOver.wav */ = {isa = PBXFileReference; lastKnownFileType = audio.wav; name = gameOver.wav; path = ../Items/gameOver.wav; sourceTree = "<group>"; };
		201B8C621F3A589C00E91301 /* castleWallHit.mp3 */ = {isa = PBXFileReference; lastKnownFileType = audio.mp3; path = castleWallHit.mp3; sourceTree = "<group>"; };
		201B8C641F3A5C6E00E91301 /* ItemGet.wav */ = {isa = PBXFileReference; lastKnownFileType = audio.wav; path = ItemGet.wav; sourceTree = "<group>"; };
		201B8C661F3A67F100E91301 /* BGM.swift */ = {isa = PBXFileReference; fileEncoding = 4; lastKnownFileType = sourcecode.swift; path = BGM.swift; sourceTree = "<group>"; };
		201B8C681F3A682700E91301 /* mainBGM.mp3 */ = {isa = PBXFileReference; lastKnownFileType = audio.mp3; path = mainBGM.mp3; sourceTree = "<group>"; };
		201B8C6C1F3AD7EE00E91301 /* itemScreen.wav */ = {isa = PBXFileReference; lastKnownFileType = audio.wav; path = itemScreen.wav; sourceTree = "<group>"; };
		201B8C6E1F3ADB9B00E91301 /* stageClear.mp3 */ = {isa = PBXFileReference; lastKnownFileType = audio.mp3; path = stageClear.mp3; sourceTree = "<group>"; };
		201B8C741F3AE7E900E91301 /* flash.wav */ = {isa = PBXFileReference; lastKnownFileType = audio.wav; path = flash.wav; sourceTree = "<group>"; };
		201B8C761F3AEA4F00E91301 /* buttonMove.wav */ = {isa = PBXFileReference; lastKnownFileType = audio.wav; path = buttonMove.wav; sourceTree = "<group>"; };
		201B8C781F3AEA7E00E91301 /* buttonBack.wav */ = {isa = PBXFileReference; lastKnownFileType = audio.wav; path = buttonBack.wav; sourceTree = "<group>"; };
		201B8C7A1F3AEB1B00E91301 /* selectNewGame.wav */ = {isa = PBXFileReference; lastKnownFileType = audio.wav; path = selectNewGame.wav; sourceTree = "<group>"; };
		201CD4071F2CD28D009CE633 /* BattleShip.swift */ = {isa = PBXFileReference; fileEncoding = 4; lastKnownFileType = sourcecode.swift; path = BattleShip.swift; sourceTree = "<group>"; };
		201CD4081F2CD28D009CE633 /* Boots.swift */ = {isa = PBXFileReference; fileEncoding = 4; lastKnownFileType = sourcecode.swift; path = Boots.swift; sourceTree = "<group>"; };
		201CD4091F2CD28D009CE633 /* CallHero.swift */ = {isa = PBXFileReference; fileEncoding = 4; lastKnownFileType = sourcecode.swift; path = CallHero.swift; sourceTree = "<group>"; };
		201CD40A1F2CD28D009CE633 /* Catapult.swift */ = {isa = PBXFileReference; fileEncoding = 4; lastKnownFileType = sourcecode.swift; path = Catapult.swift; sourceTree = "<group>"; };
		201CD40B1F2CD28D009CE633 /* Heart.swift */ = {isa = PBXFileReference; fileEncoding = 4; lastKnownFileType = sourcecode.swift; path = Heart.swift; sourceTree = "<group>"; };
		201CD40C1F2CD28D009CE633 /* MagicSword.swift */ = {isa = PBXFileReference; fileEncoding = 4; lastKnownFileType = sourcecode.swift; path = MagicSword.swift; sourceTree = "<group>"; };
		201CD40D1F2CD28D009CE633 /* TimeBomb.swift */ = {isa = PBXFileReference; fileEncoding = 4; lastKnownFileType = sourcecode.swift; path = TimeBomb.swift; sourceTree = "<group>"; };
		201CD40E1F2CD28D009CE633 /* MultiAttack.swift */ = {isa = PBXFileReference; fileEncoding = 4; lastKnownFileType = sourcecode.swift; path = MultiAttack.swift; sourceTree = "<group>"; };
		201CD40F1F2CD28D009CE633 /* Spear.swift */ = {isa = PBXFileReference; fileEncoding = 4; lastKnownFileType = sourcecode.swift; path = Spear.swift; sourceTree = "<group>"; };
		201CD4101F2CD28D009CE633 /* Wall.swift */ = {isa = PBXFileReference; fileEncoding = 4; lastKnownFileType = sourcecode.swift; path = Wall.swift; sourceTree = "<group>"; };
		201CF0291F11BE1D001346C7 /* MSButtonNode.swift */ = {isa = PBXFileReference; fileEncoding = 4; lastKnownFileType = sourcecode.swift; path = MSButtonNode.swift; sourceTree = "<group>"; };
		201ECBA31F34B64300FB833A /* ResetCatapult.swift */ = {isa = PBXFileReference; fileEncoding = 4; lastKnownFileType = sourcecode.swift; path = ResetCatapult.swift; sourceTree = "<group>"; };
		201ECBA51F34B64F00FB833A /* Cane.swift */ = {isa = PBXFileReference; fileEncoding = 4; lastKnownFileType = sourcecode.swift; path = Cane.swift; sourceTree = "<group>"; };
		201ECBAA1F351AED00FB833A /* Fabric.framework */ = {isa = PBXFileReference; lastKnownFileType = wrapper.framework; path = Fabric.framework; sourceTree = "<group>"; };
		201ECBAB1F351AED00FB833A /* Crashlytics.framework */ = {isa = PBXFileReference; lastKnownFileType = wrapper.framework; path = Crashlytics.framework; sourceTree = "<group>"; };
		202049DC1F2EFA0F00FAD661 /* Teleport.swift */ = {isa = PBXFileReference; fileEncoding = 4; lastKnownFileType = sourcecode.swift; path = Teleport.swift; sourceTree = "<group>"; };
		20232AF91F3252CD00898ACE /* Assets.xcassets */ = {isa = PBXFileReference; lastKnownFileType = folder.assetcatalog; path = Assets.xcassets; sourceTree = "<group>"; };
		203AEA981F3AFFF300C5CD4E /* mainMenu.mp3 */ = {isa = PBXFileReference; lastKnownFileType = audio.mp3; path = mainMenu.mp3; sourceTree = "<group>"; };
		203B29F71F67B21A00DDCC03 /* Enemy.swift */ = {isa = PBXFileReference; fileEncoding = 4; lastKnownFileType = sourcecode.swift; path = Enemy.swift; sourceTree = "<group>"; };
		203B29F81F67B21A00DDCC03 /* EnemyArm.swift */ = {isa = PBXFileReference; fileEncoding = 4; lastKnownFileType = sourcecode.swift; path = EnemyArm.swift; sourceTree = "<group>"; };
		203B29F91F67B21A00DDCC03 /* EnemyFist.swift */ = {isa = PBXFileReference; fileEncoding = 4; lastKnownFileType = sourcecode.swift; path = EnemyFist.swift; sourceTree = "<group>"; };
		203B29FA1F67B21A00DDCC03 /* GameScene.sks */ = {isa = PBXFileReference; lastKnownFileType = file.sks; path = GameScene.sks; sourceTree = "<group>"; };
		203B29FB1F67B21A00DDCC03 /* GameScene.swift */ = {isa = PBXFileReference; fileEncoding = 4; lastKnownFileType = sourcecode.swift; path = GameScene.swift; sourceTree = "<group>"; };
		203B29FC1F67B21A00DDCC03 /* Grid.swift */ = {isa = PBXFileReference; fileEncoding = 4; lastKnownFileType = sourcecode.swift; path = Grid.swift; sourceTree = "<group>"; };
		203B29FD1F67B21A00DDCC03 /* Hero.swift */ = {isa = PBXFileReference; fileEncoding = 4; lastKnownFileType = sourcecode.swift; path = Hero.swift; sourceTree = "<group>"; };
		203B29FE1F67B21A00DDCC03 /* InputVariable.swift */ = {isa = PBXFileReference; fileEncoding = 4; lastKnownFileType = sourcecode.swift; path = InputVariable.swift; sourceTree = "<group>"; };
		203B29FF1F67B21A00DDCC03 /* InputVariableExpression.swift */ = {isa = PBXFileReference; fileEncoding = 4; lastKnownFileType = sourcecode.swift; path = InputVariableExpression.swift; sourceTree = "<group>"; };
		203B2A001F67B21A00DDCC03 /* SimplificationBoard.swift */ = {isa = PBXFileReference; fileEncoding = 4; lastKnownFileType = sourcecode.swift; path = SimplificationBoard.swift; sourceTree = "<group>"; };
		203B2A411F67B97100DDCC03 /* EnemyForTutorial.swift */ = {isa = PBXFileReference; fileEncoding = 4; lastKnownFileType = sourcecode.swift; path = EnemyForTutorial.swift; sourceTree = "<group>"; };
		203B2A421F67B97100DDCC03 /* EnemyForTutorial2.swift */ = {isa = PBXFileReference; fileEncoding = 4; lastKnownFileType = sourcecode.swift; path = EnemyForTutorial2.swift; sourceTree = "<group>"; };
		203B2A431F67B97100DDCC03 /* GridForTutorial.swift */ = {isa = PBXFileReference; fileEncoding = 4; lastKnownFileType = sourcecode.swift; path = GridForTutorial.swift; sourceTree = "<group>"; };
		203B2A441F67B97100DDCC03 /* GridForTutorial2.swift */ = {isa = PBXFileReference; fileEncoding = 4; lastKnownFileType = sourcecode.swift; path = GridForTutorial2.swift; sourceTree = "<group>"; };
		203B2A451F67B97100DDCC03 /* HeroForTutorial.swift */ = {isa = PBXFileReference; fileEncoding = 4; lastKnownFileType = sourcecode.swift; path = HeroForTutorial.swift; sourceTree = "<group>"; };
		203B2A461F67B97100DDCC03 /* HeroForTutorial2.swift */ = {isa = PBXFileReference; fileEncoding = 4; lastKnownFileType = sourcecode.swift; path = HeroForTutorial2.swift; sourceTree = "<group>"; };
		203B2A471F67B97100DDCC03 /* PauseScreenForTutorial.swift */ = {isa = PBXFileReference; fileEncoding = 4; lastKnownFileType = sourcecode.swift; path = PauseScreenForTutorial.swift; sourceTree = "<group>"; };
		203B2A481F67B97100DDCC03 /* PauseScreenForTutorial2.swift */ = {isa = PBXFileReference; fileEncoding = 4; lastKnownFileType = sourcecode.swift; path = PauseScreenForTutorial2.swift; sourceTree = "<group>"; };
		203B2A491F67B97100DDCC03 /* Tutorial.sks */ = {isa = PBXFileReference; lastKnownFileType = file.sks; path = Tutorial.sks; sourceTree = "<group>"; };
		203B2A4A1F67B97100DDCC03 /* Tutorial.swift */ = {isa = PBXFileReference; fileEncoding = 4; lastKnownFileType = sourcecode.swift; path = Tutorial.swift; sourceTree = "<group>"; };
		203B2A4B1F67B97100DDCC03 /* Tutorial2.sks */ = {isa = PBXFileReference; lastKnownFileType = file.sks; path = Tutorial2.sks; sourceTree = "<group>"; };
		203B2A4C1F67B97100DDCC03 /* Tutorial2.swift */ = {isa = PBXFileReference; fileEncoding = 4; lastKnownFileType = sourcecode.swift; path = Tutorial2.swift; sourceTree = "<group>"; };
		203B2A591F67B9AD00DDCC03 /* PauseScreen.swift */ = {isa = PBXFileReference; fileEncoding = 4; lastKnownFileType = sourcecode.swift; path = PauseScreen.swift; sourceTree = "<group>"; };
		203B2A6B1F67BBD100DDCC03 /* ConfirmScreen.swift */ = {isa = PBXFileReference; fileEncoding = 4; lastKnownFileType = sourcecode.swift; path = ConfirmScreen.swift; sourceTree = "<group>"; };
		203B2A6C1F67BBD100DDCC03 /* Credits.sks */ = {isa = PBXFileReference; lastKnownFileType = file.sks; path = Credits.sks; sourceTree = "<group>"; };
		203B2A6D1F67BBD100DDCC03 /* Credits.swift */ = {isa = PBXFileReference; fileEncoding = 4; lastKnownFileType = sourcecode.swift; path = Credits.swift; sourceTree = "<group>"; };
		203B2A6E1F67BBD100DDCC03 /* ItemList.sks */ = {isa = PBXFileReference; lastKnownFileType = file.sks; path = ItemList.sks; sourceTree = "<group>"; };
		203B2A6F1F67BBD100DDCC03 /* ItemList.swift */ = {isa = PBXFileReference; fileEncoding = 4; lastKnownFileType = sourcecode.swift; path = ItemList.swift; sourceTree = "<group>"; };
		203B2A701F67BBD100DDCC03 /* MainMenu.sks */ = {isa = PBXFileReference; lastKnownFileType = file.sks; path = MainMenu.sks; sourceTree = "<group>"; };
		203B2A711F67BBD100DDCC03 /* MainMenu.swift */ = {isa = PBXFileReference; fileEncoding = 4; lastKnownFileType = sourcecode.swift; path = MainMenu.swift; sourceTree = "<group>"; };
		203B2A721F67BBD100DDCC03 /* SettingScreen.swift */ = {isa = PBXFileReference; fileEncoding = 4; lastKnownFileType = sourcecode.swift; path = SettingScreen.swift; sourceTree = "<group>"; };
		203B2A7C1F67BDAB00DDCC03 /* EnemyEasy.swift */ = {isa = PBXFileReference; fileEncoding = 4; lastKnownFileType = sourcecode.swift; path = EnemyEasy.swift; sourceTree = "<group>"; };
		203B2A7F1F67BDAB00DDCC03 /* GameSceneEasy.sks */ = {isa = PBXFileReference; lastKnownFileType = file.sks; path = GameSceneEasy.sks; sourceTree = "<group>"; };
		203B2A801F67BDAB00DDCC03 /* GameSceneEasy.swift */ = {isa = PBXFileReference; fileEncoding = 4; lastKnownFileType = sourcecode.swift; path = GameSceneEasy.swift; sourceTree = "<group>"; };
		203B2A811F67BDAB00DDCC03 /* GridEasy.swift */ = {isa = PBXFileReference; fileEncoding = 4; lastKnownFileType = sourcecode.swift; path = GridEasy.swift; sourceTree = "<group>"; };
		203B2A821F67BDAB00DDCC03 /* HeroEasy.swift */ = {isa = PBXFileReference; fileEncoding = 4; lastKnownFileType = sourcecode.swift; path = HeroEasy.swift; sourceTree = "<group>"; };
		203B2A831F67BDAB00DDCC03 /* InputVariableEasy.swift */ = {isa = PBXFileReference; fileEncoding = 4; lastKnownFileType = sourcecode.swift; path = InputVariableEasy.swift; sourceTree = "<group>"; };
		203B2A841F67BDAB00DDCC03 /* InputVariableExpressionEasy.swift */ = {isa = PBXFileReference; fileEncoding = 4; lastKnownFileType = sourcecode.swift; path = InputVariableExpressionEasy.swift; sourceTree = "<group>"; };
		203B2A851F67BDAB00DDCC03 /* PauseScreenEasy.swift */ = {isa = PBXFileReference; fileEncoding = 4; lastKnownFileType = sourcecode.swift; path = PauseScreenEasy.swift; sourceTree = "<group>"; };
		203B2A861F67BDAB00DDCC03 /* SimplificationBoardEasy.swift */ = {isa = PBXFileReference; fileEncoding = 4; lastKnownFileType = sourcecode.swift; path = SimplificationBoardEasy.swift; sourceTree = "<group>"; };
		203B2A921F6917A400DDCC03 /* mainMenuHard.mp3 */ = {isa = PBXFileReference; lastKnownFileType = audio.mp3; path = mainMenuHard.mp3; sourceTree = "<group>"; };
		204C7D801F074FE800F4DD11 /* DefeatAlgebra.app */ = {isa = PBXFileReference; explicitFileType = wrapper.application; includeInIndex = 0; path = DefeatAlgebra.app; sourceTree = BUILT_PRODUCTS_DIR; };
		204C7D831F074FE800F4DD11 /* AppDelegate.swift */ = {isa = PBXFileReference; lastKnownFileType = sourcecode.swift; path = AppDelegate.swift; sourceTree = "<group>"; };
		204C7D8B1F074FE800F4DD11 /* GameViewController.swift */ = {isa = PBXFileReference; lastKnownFileType = sourcecode.swift; path = GameViewController.swift; sourceTree = "<group>"; };
		204C7D8E1F074FE800F4DD11 /* Base */ = {isa = PBXFileReference; lastKnownFileType = file.storyboard; name = Base; path = Base.lproj/Main.storyboard; sourceTree = "<group>"; };
		204C7D901F074FE800F4DD11 /* Assets.xcassets */ = {isa = PBXFileReference; lastKnownFileType = folder.assetcatalog; path = Assets.xcassets; sourceTree = "<group>"; };
		204C7D931F074FE800F4DD11 /* Base */ = {isa = PBXFileReference; lastKnownFileType = file.storyboard; name = Base; path = Base.lproj/LaunchScreen.storyboard; sourceTree = "<group>"; };
		204C7D951F074FE800F4DD11 /* Info.plist */ = {isa = PBXFileReference; lastKnownFileType = text.plist.xml; path = Info.plist; sourceTree = "<group>"; };
/* End PBXFileReference section */

/* Begin PBXFrameworksBuildPhase section */
		204C7D7D1F074FE800F4DD11 /* Frameworks */ = {
			isa = PBXFrameworksBuildPhase;
			buildActionMask = 2147483647;
			files = (
				201ECBAD1F351AEE00FB833A /* Crashlytics.framework in Frameworks */,
				201ECBAC1F351AED00FB833A /* Fabric.framework in Frameworks */,
			);
			runOnlyForDeploymentPostprocessing = 0;
		};
/* End PBXFrameworksBuildPhase section */

/* Begin PBXGroup section */
		200829D61F32CA860038AEC0 /* Effects */ = {
			isa = PBXGroup;
			children = (
				200829D71F32CA860038AEC0 /* CatapultFire.sks */,
				200829D81F32CA860038AEC0 /* CatapultFire2.sks */,
				200829D91F32CA860038AEC0 /* DestroyEnemy.sks */,
				200829DA1F32CA860038AEC0 /* MagicSwordEffect.sks */,
				200829DB1F32CA860038AEC0 /* TimeBombExplode.sks */,
				200829DC1F32CA860038AEC0 /* TimeBombSmoke.sks */,
			);
			path = Effects;
			sourceTree = "<group>";
		};
		201B8C461F3A2C2E00E91301 /* SFX */ = {
			isa = PBXGroup;
			children = (
				201B8C6C1F3AD7EE00E91301 /* itemScreen.wav */,
				201B8C681F3A682700E91301 /* mainBGM.mp3 */,
				203AEA981F3AFFF300C5CD4E /* mainMenu.mp3 */,
				201B8C641F3A5C6E00E91301 /* ItemGet.wav */,
				201B8C621F3A589C00E91301 /* castleWallHit.mp3 */,
				201B8C6E1F3ADB9B00E91301 /* stageClear.mp3 */,
				201B8C5E1F3A533900E91301 /* gameOver.wav */,
				201B8C5C1F3A47BA00E91301 /* cane.mp3 */,
				201B8C5A1F3A439800E91301 /* magicSword.wav */,
				201B8C561F3A365700E91301 /* hitWall.wav */,
				201B8C741F3AE7E900E91301 /* flash.wav */,
				203B2A921F6917A400DDCC03 /* mainMenuHard.mp3 */,
				201B8C541F3A326600E91301 /* battleShipShoot.wav */,
				201B8C521F3A326000E91301 /* enemyKilled.mp3 */,
				201B8C501F3A325A00E91301 /* catapultBomb.mp3 */,
				201B8C4E1F3A307B00E91301 /* swordSound.wav */,
				201B8C4C1F3A2D2800E91301 /* timeBombExplosion.mp3 */,
				201B8C761F3AEA4F00E91301 /* buttonMove.wav */,
				201B8C781F3AEA7E00E91301 /* buttonBack.wav */,
				201B8C7A1F3AEB1B00E91301 /* selectNewGame.wav */,
			);
			path = SFX;
			sourceTree = "<group>";
		};
		201CD4061F2CD28D009CE633 /* Items */ = {
			isa = PBXGroup;
			children = (
				201CD4081F2CD28D009CE633 /* Boots.swift */,
				201CD40D1F2CD28D009CE633 /* TimeBomb.swift */,
				201CD40B1F2CD28D009CE633 /* Heart.swift */,
				201CD40E1F2CD28D009CE633 /* MultiAttack.swift */,
				201CD4101F2CD28D009CE633 /* Wall.swift */,
				201CD4071F2CD28D009CE633 /* BattleShip.swift */,
				201CD40C1F2CD28D009CE633 /* MagicSword.swift */,
				201CD40A1F2CD28D009CE633 /* Catapult.swift */,
				201ECBA31F34B64300FB833A /* ResetCatapult.swift */,
				201ECBA51F34B64F00FB833A /* Cane.swift */,
				202049DC1F2EFA0F00FAD661 /* Teleport.swift */,
				201CD40F1F2CD28D009CE633 /* Spear.swift */,
				201CD4091F2CD28D009CE633 /* CallHero.swift */,
			);
			path = Items;
			sourceTree = "<group>";
		};
		203B29F61F67B21A00DDCC03 /* Hard */ = {
			isa = PBXGroup;
			children = (
				203B29FA1F67B21A00DDCC03 /* GameScene.sks */,
				203B29FB1F67B21A00DDCC03 /* GameScene.swift */,
				203B29FC1F67B21A00DDCC03 /* Grid.swift */,
				203B29FD1F67B21A00DDCC03 /* Hero.swift */,
				203B29F71F67B21A00DDCC03 /* Enemy.swift */,
				203B29F81F67B21A00DDCC03 /* EnemyArm.swift */,
				203B29F91F67B21A00DDCC03 /* EnemyFist.swift */,
				203B29FE1F67B21A00DDCC03 /* InputVariable.swift */,
				203B29FF1F67B21A00DDCC03 /* InputVariableExpression.swift */,
				203B2A001F67B21A00DDCC03 /* SimplificationBoard.swift */,
				203B2A591F67B9AD00DDCC03 /* PauseScreen.swift */,
			);
			path = Hard;
			sourceTree = "<group>";
		};
		203B2A401F67B97100DDCC03 /* Tutorial */ = {
			isa = PBXGroup;
			children = (
				203B2A491F67B97100DDCC03 /* Tutorial.sks */,
				203B2A4A1F67B97100DDCC03 /* Tutorial.swift */,
				203B2A4B1F67B97100DDCC03 /* Tutorial2.sks */,
				203B2A4C1F67B97100DDCC03 /* Tutorial2.swift */,
				203B2A431F67B97100DDCC03 /* GridForTutorial.swift */,
				203B2A441F67B97100DDCC03 /* GridForTutorial2.swift */,
				203B2A451F67B97100DDCC03 /* HeroForTutorial.swift */,
				203B2A461F67B97100DDCC03 /* HeroForTutorial2.swift */,
				203B2A411F67B97100DDCC03 /* EnemyForTutorial.swift */,
				203B2A421F67B97100DDCC03 /* EnemyForTutorial2.swift */,
				203B2A471F67B97100DDCC03 /* PauseScreenForTutorial.swift */,
				203B2A481F67B97100DDCC03 /* PauseScreenForTutorial2.swift */,
			);
			path = Tutorial;
			sourceTree = "<group>";
		};
		203B2A6A1F67BBD100DDCC03 /* MainMenu */ = {
			isa = PBXGroup;
			children = (
				203B2A701F67BBD100DDCC03 /* MainMenu.sks */,
				203B2A711F67BBD100DDCC03 /* MainMenu.swift */,
				203B2A6B1F67BBD100DDCC03 /* ConfirmScreen.swift */,
				203B2A721F67BBD100DDCC03 /* SettingScreen.swift */,
				203B2A6C1F67BBD100DDCC03 /* Credits.sks */,
				203B2A6D1F67BBD100DDCC03 /* Credits.swift */,
				203B2A6E1F67BBD100DDCC03 /* ItemList.sks */,
				203B2A6F1F67BBD100DDCC03 /* ItemList.swift */,
			);
			path = MainMenu;
			sourceTree = "<group>";
		};
		203B2A7B1F67BDAB00DDCC03 /* Easy */ = {
			isa = PBXGroup;
			children = (
				203B2A7F1F67BDAB00DDCC03 /* GameSceneEasy.sks */,
				203B2A801F67BDAB00DDCC03 /* GameSceneEasy.swift */,
				203B2A811F67BDAB00DDCC03 /* GridEasy.swift */,
				203B2A821F67BDAB00DDCC03 /* HeroEasy.swift */,
				203B2A7C1F67BDAB00DDCC03 /* EnemyEasy.swift */,
				203B2A831F67BDAB00DDCC03 /* InputVariableEasy.swift */,
				203B2A841F67BDAB00DDCC03 /* InputVariableExpressionEasy.swift */,
				203B2A861F67BDAB00DDCC03 /* SimplificationBoardEasy.swift */,
				203B2A851F67BDAB00DDCC03 /* PauseScreenEasy.swift */,
			);
			path = Easy;
			sourceTree = "<group>";
		};
		204C7D771F074FE800F4DD11 = {
			isa = PBXGroup;
			children = (
				20232AF91F3252CD00898ACE /* Assets.xcassets */,
				204C7D821F074FE800F4DD11 /* DefeatAlgebra */,
				204C7D811F074FE800F4DD11 /* Products */,
			);
			sourceTree = "<group>";
		};
		204C7D811F074FE800F4DD11 /* Products */ = {
			isa = PBXGroup;
			children = (
				204C7D801F074FE800F4DD11 /* DefeatAlgebra.app */,
			);
			name = Products;
			sourceTree = "<group>";
		};
		204C7D821F074FE800F4DD11 /* DefeatAlgebra */ = {
			isa = PBXGroup;
			children = (
				201ECBAA1F351AED00FB833A /* Fabric.framework */,
				201ECBAB1F351AED00FB833A /* Crashlytics.framework */,
				203B2A6A1F67BBD100DDCC03 /* MainMenu */,
				203B2A401F67B97100DDCC03 /* Tutorial */,
				203B29F61F67B21A00DDCC03 /* Hard */,
				203B2A7B1F67BDAB00DDCC03 /* Easy */,
				201CD4061F2CD28D009CE633 /* Items */,
				200829D61F32CA860038AEC0 /* Effects */,
				201B8C461F3A2C2E00E91301 /* SFX */,
				204C7D831F074FE800F4DD11 /* AppDelegate.swift */,
				204C7D8B1F074FE800F4DD11 /* GameViewController.swift */,
				201CF0291F11BE1D001346C7 /* MSButtonNode.swift */,
				2019C37E1F0B5933003C7609 /* AnimationActions.sks */,
				201B8C661F3A67F100E91301 /* BGM.swift */,
				204C7D8D1F074FE800F4DD11 /* Main.storyboard */,
				204C7D901F074FE800F4DD11 /* Assets.xcassets */,
				204C7D921F074FE800F4DD11 /* LaunchScreen.storyboard */,
				204C7D951F074FE800F4DD11 /* Info.plist */,
			);
			path = DefeatAlgebra;
			sourceTree = "<group>";
		};
/* End PBXGroup section */

/* Begin PBXNativeTarget section */
		204C7D7F1F074FE800F4DD11 /* DefeatAlgebra */ = {
			isa = PBXNativeTarget;
			buildConfigurationList = 204C7D981F074FE800F4DD11 /* Build configuration list for PBXNativeTarget "DefeatAlgebra" */;
			buildPhases = (
				204C7D7C1F074FE800F4DD11 /* Sources */,
				204C7D7D1F074FE800F4DD11 /* Frameworks */,
				204C7D7E1F074FE800F4DD11 /* Resources */,
				201ECBA91F351AA000FB833A /* ShellScript */,
				2055D4EF1F3520970071F6C5 /* ShellScript */,
			);
			buildRules = (
			);
			dependencies = (
			);
			name = DefeatAlgebra;
			productName = DefeatAlgebra;
			productReference = 204C7D801F074FE800F4DD11 /* DefeatAlgebra.app */;
			productType = "com.apple.product-type.application";
		};
/* End PBXNativeTarget section */

/* Begin PBXProject section */
		204C7D781F074FE800F4DD11 /* Project object */ = {
			isa = PBXProject;
			attributes = {
				LastSwiftUpdateCheck = 0830;
				LastUpgradeCheck = 0830;
				ORGANIZATIONNAME = "yo hanashima";
				TargetAttributes = {
					204C7D7F1F074FE800F4DD11 = {
						CreatedOnToolsVersion = 8.3.3;
						DevelopmentTeam = T2HM3LUVY9;
						ProvisioningStyle = Automatic;
					};
				};
			};
			buildConfigurationList = 204C7D7B1F074FE800F4DD11 /* Build configuration list for PBXProject "DefeatAlgebra" */;
			compatibilityVersion = "Xcode 3.2";
			developmentRegion = English;
			hasScannedForEncodings = 0;
			knownRegions = (
				en,
				Base,
			);
			mainGroup = 204C7D771F074FE800F4DD11;
			productRefGroup = 204C7D811F074FE800F4DD11 /* Products */;
			projectDirPath = "";
			projectRoot = "";
			targets = (
				204C7D7F1F074FE800F4DD11 /* DefeatAlgebra */,
			);
		};
/* End PBXProject section */

/* Begin PBXResourcesBuildPhase section */
		204C7D7E1F074FE800F4DD11 /* Resources */ = {
			isa = PBXResourcesBuildPhase;
			buildActionMask = 2147483647;
			files = (
				200829E01F32CA860038AEC0 /* MagicSwordEffect.sks in Resources */,
				203B2A781F67BBD200DDCC03 /* MainMenu.sks in Resources */,
				201B8C4D1F3A2D2800E91301 /* timeBombExplosion.mp3 in Resources */,
				200829E11F32CA860038AEC0 /* TimeBombExplode.sks in Resources */,
				201B8C6F1F3ADB9B00E91301 /* stageClear.mp3 in Resources */,
				201B8C5D1F3A47BA00E91301 /* cane.mp3 in Resources */,
				201B8C651F3A5C6E00E91301 /* ItemGet.wav in Resources */,
				203B2A8A1F67BDAB00DDCC03 /* GameSceneEasy.sks in Resources */,
				203B2A041F67B21A00DDCC03 /* GameScene.sks in Resources */,
				201B8C4F1F3A307B00E91301 /* swordSound.wav in Resources */,
				204C7D8F1F074FE800F4DD11 /* Main.storyboard in Resources */,
				203B2A571F67B97100DDCC03 /* Tutorial2.sks in Resources */,
				204C7D911F074FE800F4DD11 /* Assets.xcassets in Resources */,
				200829E21F32CA860038AEC0 /* TimeBombSmoke.sks in Resources */,
				201B8C5F1F3A533900E91301 /* gameOver.wav in Resources */,
				201B8C771F3AEA4F00E91301 /* buttonMove.wav in Resources */,
				201B8C691F3A682700E91301 /* mainBGM.mp3 in Resources */,
				201B8C791F3AEA7E00E91301 /* buttonBack.wav in Resources */,
				201B8C6D1F3AD7EE00E91301 /* itemScreen.wav in Resources */,
				203B2A761F67BBD100DDCC03 /* ItemList.sks in Resources */,
				201B8C571F3A365700E91301 /* hitWall.wav in Resources */,
				201B8C531F3A326000E91301 /* enemyKilled.mp3 in Resources */,
				203B2A551F67B97100DDCC03 /* Tutorial.sks in Resources */,
				203B2A741F67BBD100DDCC03 /* Credits.sks in Resources */,
				201B8C751F3AE7E900E91301 /* flash.wav in Resources */,
				201B8C511F3A325A00E91301 /* catapultBomb.mp3 in Resources */,
				204C7D941F074FE800F4DD11 /* LaunchScreen.storyboard in Resources */,
				201B8C5B1F3A439800E91301 /* magicSword.wav in Resources */,
				201B8C7B1F3AEB1B00E91301 /* selectNewGame.wav in Resources */,
				200829DE1F32CA860038AEC0 /* CatapultFire2.sks in Resources */,
				203AEA991F3AFFF300C5CD4E /* mainMenu.mp3 in Resources */,
				20232AFB1F3252CD00898ACE /* Assets.xcassets in Resources */,
				200829DF1F32CA860038AEC0 /* DestroyEnemy.sks in Resources */,
				203B2A931F6917A400DDCC03 /* mainMenuHard.mp3 in Resources */,
				201B8C551F3A326600E91301 /* battleShipShoot.wav in Resources */,
				2019C37F1F0B5933003C7609 /* AnimationActions.sks in Resources */,
				201B8C631F3A589D00E91301 /* castleWallHit.mp3 in Resources */,
				200829DD1F32CA860038AEC0 /* CatapultFire.sks in Resources */,
			);
			runOnlyForDeploymentPostprocessing = 0;
		};
/* End PBXResourcesBuildPhase section */

/* Begin PBXShellScriptBuildPhase section */
		201ECBA91F351AA000FB833A /* ShellScript */ = {
			isa = PBXShellScriptBuildPhase;
			buildActionMask = 2147483647;
			files = (
			);
			inputPaths = (
			);
			outputPaths = (
			);
			runOnlyForDeploymentPostprocessing = 0;
			shellPath = /bin/sh;
			shellScript = "./Fabric.framework/run e91a320e059ab6724f7cc1de8059c13860d62491 c06df219d83af7afd55f8952bad38243f1028f461fecd046e7ba00137737e5ba";
		};
		2055D4EF1F3520970071F6C5 /* ShellScript */ = {
			isa = PBXShellScriptBuildPhase;
			buildActionMask = 2147483647;
			files = (
			);
			inputPaths = (
			);
			outputPaths = (
			);
			runOnlyForDeploymentPostprocessing = 0;
			shellPath = /bin/sh;
			shellScript = "./Fabric.framework/run e91a320e059ab6724f7cc1de8059c13860d62491 c06df219d83af7afd55f8952bad38243f1028f461fecd046e7ba00137737e5ba";
		};
/* End PBXShellScriptBuildPhase section */

/* Begin PBXSourcesBuildPhase section */
		204C7D7C1F074FE800F4DD11 /* Sources */ = {
			isa = PBXSourcesBuildPhase;
			buildActionMask = 2147483647;
			files = (
				201CD4121F2CD28D009CE633 /* Boots.swift in Sources */,
				201CD4141F2CD28D009CE633 /* Catapult.swift in Sources */,
				204C7D8C1F074FE800F4DD11 /* GameViewController.swift in Sources */,
				201CF02A1F11BE1E001346C7 /* MSButtonNode.swift in Sources */,
				203B2A4E1F67B97100DDCC03 /* EnemyForTutorial2.swift in Sources */,
				203B2A581F67B97100DDCC03 /* Tutorial2.swift in Sources */,
				203B2A061F67B21A00DDCC03 /* Grid.swift in Sources */,
				201B8C671F3A67F200E91301 /* BGM.swift in Sources */,
				203B2A081F67B21A00DDCC03 /* InputVariable.swift in Sources */,
				203B2A021F67B21A00DDCC03 /* EnemyArm.swift in Sources */,
				203B2A4F1F67B97100DDCC03 /* GridForTutorial.swift in Sources */,
				203B2A911F67BDAB00DDCC03 /* SimplificationBoardEasy.swift in Sources */,
				203B2A8C1F67BDAB00DDCC03 /* GridEasy.swift in Sources */,
				203B2A4D1F67B97100DDCC03 /* EnemyForTutorial.swift in Sources */,
				203B2A7A1F67BBD200DDCC03 /* SettingScreen.swift in Sources */,
				201CD4161F2CD28D009CE633 /* MagicSword.swift in Sources */,
				203B2A011F67B21A00DDCC03 /* Enemy.swift in Sources */,
				203B2A8E1F67BDAB00DDCC03 /* InputVariableEasy.swift in Sources */,
				204C7D841F074FE800F4DD11 /* AppDelegate.swift in Sources */,
				203B2A871F67BDAB00DDCC03 /* EnemyEasy.swift in Sources */,
				201CD4191F2CD28D009CE633 /* Spear.swift in Sources */,
				201CD4181F2CD28D009CE633 /* MultiAttack.swift in Sources */,
				201CD4111F2CD28D009CE633 /* BattleShip.swift in Sources */,
				201CD4171F2CD28D009CE633 /* TimeBomb.swift in Sources */,
				203B2A5A1F67B9AD00DDCC03 /* PauseScreen.swift in Sources */,
				203B2A521F67B97100DDCC03 /* HeroForTutorial2.swift in Sources */,
				202049DD1F2EFA0F00FAD661 /* Teleport.swift in Sources */,
				203B2A541F67B97100DDCC03 /* PauseScreenForTutorial2.swift in Sources */,
				203B2A091F67B21A00DDCC03 /* InputVariableExpression.swift in Sources */,
				201CD4131F2CD28D009CE633 /* CallHero.swift in Sources */,
				203B2A501F67B97100DDCC03 /* GridForTutorial2.swift in Sources */,
				203B2A0A1F67B21A00DDCC03 /* SimplificationBoard.swift in Sources */,
				203B2A8F1F67BDAB00DDCC03 /* InputVariableExpressionEasy.swift in Sources */,
				203B2A071F67B21A00DDCC03 /* Hero.swift in Sources */,
				203B2A771F67BBD200DDCC03 /* ItemList.swift in Sources */,
				203B2A561F67B97100DDCC03 /* Tutorial.swift in Sources */,
				201ECBA41F34B64300FB833A /* ResetCatapult.swift in Sources */,
				203B2A8D1F67BDAB00DDCC03 /* HeroEasy.swift in Sources */,
				203B2A031F67B21A00DDCC03 /* EnemyFist.swift in Sources */,
				203B2A531F67B97100DDCC03 /* PauseScreenForTutorial.swift in Sources */,
				203B2A511F67B97100DDCC03 /* HeroForTutorial.swift in Sources */,
				201ECBA61F34B64F00FB833A /* Cane.swift in Sources */,
				203B2A051F67B21A00DDCC03 /* GameScene.swift in Sources */,
				203B2A8B1F67BDAB00DDCC03 /* GameSceneEasy.swift in Sources */,
				203B2A791F67BBD200DDCC03 /* MainMenu.swift in Sources */,
				203B2A901F67BDAB00DDCC03 /* PauseScreenEasy.swift in Sources */,
				203B2A731F67BBD100DDCC03 /* ConfirmScreen.swift in Sources */,
				201CD4151F2CD28D009CE633 /* Heart.swift in Sources */,
				203B2A751F67BBD100DDCC03 /* Credits.swift in Sources */,
				201CD41A1F2CD28D009CE633 /* Wall.swift in Sources */,
			);
			runOnlyForDeploymentPostprocessing = 0;
		};
/* End PBXSourcesBuildPhase section */

/* Begin PBXVariantGroup section */
		204C7D8D1F074FE800F4DD11 /* Main.storyboard */ = {
			isa = PBXVariantGroup;
			children = (
				204C7D8E1F074FE800F4DD11 /* Base */,
			);
			name = Main.storyboard;
			sourceTree = "<group>";
		};
		204C7D921F074FE800F4DD11 /* LaunchScreen.storyboard */ = {
			isa = PBXVariantGroup;
			children = (
				204C7D931F074FE800F4DD11 /* Base */,
			);
			name = LaunchScreen.storyboard;
			sourceTree = "<group>";
		};
/* End PBXVariantGroup section */

/* Begin XCBuildConfiguration section */
		204C7D961F074FE800F4DD11 /* Debug */ = {
			isa = XCBuildConfiguration;
			buildSettings = {
				ALWAYS_SEARCH_USER_PATHS = NO;
				CLANG_ANALYZER_NONNULL = YES;
				CLANG_ANALYZER_NUMBER_OBJECT_CONVERSION = YES_AGGRESSIVE;
				CLANG_CXX_LANGUAGE_STANDARD = "gnu++0x";
				CLANG_CXX_LIBRARY = "libc++";
				CLANG_ENABLE_MODULES = YES;
				CLANG_ENABLE_OBJC_ARC = YES;
				CLANG_WARN_BOOL_CONVERSION = YES;
				CLANG_WARN_CONSTANT_CONVERSION = YES;
				CLANG_WARN_DIRECT_OBJC_ISA_USAGE = YES_ERROR;
				CLANG_WARN_DOCUMENTATION_COMMENTS = YES;
				CLANG_WARN_EMPTY_BODY = YES;
				CLANG_WARN_ENUM_CONVERSION = YES;
				CLANG_WARN_INFINITE_RECURSION = YES;
				CLANG_WARN_INT_CONVERSION = YES;
				CLANG_WARN_OBJC_ROOT_CLASS = YES_ERROR;
				CLANG_WARN_SUSPICIOUS_MOVE = YES;
				CLANG_WARN_UNREACHABLE_CODE = YES;
				CLANG_WARN__DUPLICATE_METHOD_MATCH = YES;
				"CODE_SIGN_IDENTITY[sdk=iphoneos*]" = "iPhone Developer";
				COPY_PHASE_STRIP = NO;
				DEBUG_INFORMATION_FORMAT = dwarf;
				ENABLE_STRICT_OBJC_MSGSEND = YES;
				ENABLE_TESTABILITY = YES;
				GCC_C_LANGUAGE_STANDARD = gnu99;
				GCC_DYNAMIC_NO_PIC = NO;
				GCC_NO_COMMON_BLOCKS = YES;
				GCC_OPTIMIZATION_LEVEL = 0;
				GCC_PREPROCESSOR_DEFINITIONS = (
					"DEBUG=1",
					"$(inherited)",
				);
				GCC_WARN_64_TO_32_BIT_CONVERSION = YES;
				GCC_WARN_ABOUT_RETURN_TYPE = YES_ERROR;
				GCC_WARN_UNDECLARED_SELECTOR = YES;
				GCC_WARN_UNINITIALIZED_AUTOS = YES_AGGRESSIVE;
				GCC_WARN_UNUSED_FUNCTION = YES;
				GCC_WARN_UNUSED_VARIABLE = YES;
				IPHONEOS_DEPLOYMENT_TARGET = 10.3;
				MTL_ENABLE_DEBUG_INFO = YES;
				ONLY_ACTIVE_ARCH = YES;
				SDKROOT = iphoneos;
				SWIFT_ACTIVE_COMPILATION_CONDITIONS = DEBUG;
				SWIFT_OPTIMIZATION_LEVEL = "-Onone";
			};
			name = Debug;
		};
		204C7D971F074FE800F4DD11 /* Release */ = {
			isa = XCBuildConfiguration;
			buildSettings = {
				ALWAYS_SEARCH_USER_PATHS = NO;
				CLANG_ANALYZER_NONNULL = YES;
				CLANG_ANALYZER_NUMBER_OBJECT_CONVERSION = YES_AGGRESSIVE;
				CLANG_CXX_LANGUAGE_STANDARD = "gnu++0x";
				CLANG_CXX_LIBRARY = "libc++";
				CLANG_ENABLE_MODULES = YES;
				CLANG_ENABLE_OBJC_ARC = YES;
				CLANG_WARN_BOOL_CONVERSION = YES;
				CLANG_WARN_CONSTANT_CONVERSION = YES;
				CLANG_WARN_DIRECT_OBJC_ISA_USAGE = YES_ERROR;
				CLANG_WARN_DOCUMENTATION_COMMENTS = YES;
				CLANG_WARN_EMPTY_BODY = YES;
				CLANG_WARN_ENUM_CONVERSION = YES;
				CLANG_WARN_INFINITE_RECURSION = YES;
				CLANG_WARN_INT_CONVERSION = YES;
				CLANG_WARN_OBJC_ROOT_CLASS = YES_ERROR;
				CLANG_WARN_SUSPICIOUS_MOVE = YES;
				CLANG_WARN_UNREACHABLE_CODE = YES;
				CLANG_WARN__DUPLICATE_METHOD_MATCH = YES;
				"CODE_SIGN_IDENTITY[sdk=iphoneos*]" = "iPhone Developer";
				COPY_PHASE_STRIP = NO;
				DEBUG_INFORMATION_FORMAT = "dwarf-with-dsym";
				ENABLE_NS_ASSERTIONS = NO;
				ENABLE_STRICT_OBJC_MSGSEND = YES;
				GCC_C_LANGUAGE_STANDARD = gnu99;
				GCC_NO_COMMON_BLOCKS = YES;
				GCC_WARN_64_TO_32_BIT_CONVERSION = YES;
				GCC_WARN_ABOUT_RETURN_TYPE = YES_ERROR;
				GCC_WARN_UNDECLARED_SELECTOR = YES;
				GCC_WARN_UNINITIALIZED_AUTOS = YES_AGGRESSIVE;
				GCC_WARN_UNUSED_FUNCTION = YES;
				GCC_WARN_UNUSED_VARIABLE = YES;
				IPHONEOS_DEPLOYMENT_TARGET = 10.3;
				MTL_ENABLE_DEBUG_INFO = NO;
				SDKROOT = iphoneos;
				SWIFT_OPTIMIZATION_LEVEL = "-Owholemodule";
				VALIDATE_PRODUCT = YES;
			};
			name = Release;
		};
		204C7D991F074FE800F4DD11 /* Debug */ = {
			isa = XCBuildConfiguration;
			buildSettings = {
				ASSETCATALOG_COMPILER_APPICON_NAME = AppIcon;
				DEBUG_INFORMATION_FORMAT = "dwarf-with-dsym";
				DEVELOPMENT_TEAM = T2HM3LUVY9;
				FRAMEWORK_SEARCH_PATHS = (
					"$(inherited)",
					"$(PROJECT_DIR)/DefeatAlgebra",
				);
				INFOPLIST_FILE = DefeatAlgebra/Info.plist;
				LD_RUNPATH_SEARCH_PATHS = "$(inherited) @executable_path/Frameworks";
				PRODUCT_BUNDLE_IDENTIFIER = com.yohanashima.DefeatAlgebra;
				PRODUCT_NAME = "$(TARGET_NAME)";
				SWIFT_VERSION = 3.0;
				TARGETED_DEVICE_FAMILY = 1;
			};
			name = Debug;
		};
		204C7D9A1F074FE800F4DD11 /* Release */ = {
			isa = XCBuildConfiguration;
			buildSettings = {
				ASSETCATALOG_COMPILER_APPICON_NAME = AppIcon;
				DEVELOPMENT_TEAM = T2HM3LUVY9;
				FRAMEWORK_SEARCH_PATHS = (
					"$(inherited)",
					"$(PROJECT_DIR)/DefeatAlgebra",
				);
				INFOPLIST_FILE = DefeatAlgebra/Info.plist;
				LD_RUNPATH_SEARCH_PATHS = "$(inherited) @executable_path/Frameworks";
				PRODUCT_BUNDLE_IDENTIFIER = com.yohanashima.DefeatAlgebra;
				PRODUCT_NAME = "$(TARGET_NAME)";
				SWIFT_VERSION = 3.0;
				TARGETED_DEVICE_FAMILY = 1;
			};
			name = Release;
		};
/* End XCBuildConfiguration section */

/* Begin XCConfigurationList section */
		204C7D7B1F074FE800F4DD11 /* Build configuration list for PBXProject "DefeatAlgebra" */ = {
			isa = XCConfigurationList;
			buildConfigurations = (
				204C7D961F074FE800F4DD11 /* Debug */,
				204C7D971F074FE800F4DD11 /* Release */,
			);
			defaultConfigurationIsVisible = 0;
			defaultConfigurationName = Release;
		};
		204C7D981F074FE800F4DD11 /* Build configuration list for PBXNativeTarget "DefeatAlgebra" */ = {
			isa = XCConfigurationList;
			buildConfigurations = (
				204C7D991F074FE800F4DD11 /* Debug */,
				204C7D9A1F074FE800F4DD11 /* Release */,
			);
			defaultConfigurationIsVisible = 0;
			defaultConfigurationName = Release;
		};
/* End XCConfigurationList section */
	};
	rootObject = 204C7D781F074FE800F4DD11 /* Project object */;
}
